
Microsoft Visual Studio Solution File, Format Version 12.00
# Visual Studio Version 16
VisualStudioVersion = 16.0.29806.167
MinimumVisualStudioVersion = 10.0.40219.1
Project("{9A19103F-16F7-4668-BE54-9A1E7A4F7556}") = "Demo", "D:\The Access Group Lab\access-ac-labs-2020\Turculescu_Samuel\Week_2\Demo\Demo.csproj", "{E5FF4B77-3E45-4F62-BC44-81FC0C9F3309}"
EndProject
Project("{9A19103F-16F7-4668-BE54-9A1E7A4F7556}") = "Domain", "D:\The Access Group Lab\access-ac-labs-2020\Turculescu_Samuel\Week_2\Domain\Domain.csproj", "{CAD60E39-56CC-4F71-8E1B-0443FCDAD249}"
EndProject
Project("{9A19103F-16F7-4668-BE54-9A1E7A4F7556}") = "Infra", "D:\The Access Group Lab\access-ac-labs-2020\Turculescu_Samuel\Week_2\Infra\Infra.csproj", "{063F4D15-8942-4936-926A-997972A751CD}"
EndProject
Global
	GlobalSection(SolutionConfigurationPlatforms) = preSolution
		Debug|Any CPU = Debug|Any CPU
		Release|Any CPU = Release|Any CPU
	EndGlobalSection
	GlobalSection(ProjectConfigurationPlatforms) = postSolution
		{E5FF4B77-3E45-4F62-BC44-81FC0C9F3309}.Debug|Any CPU.ActiveCfg = Debug|Any CPU
		{E5FF4B77-3E45-4F62-BC44-81FC0C9F3309}.Debug|Any CPU.Build.0 = Debug|Any CPU
		{E5FF4B77-3E45-4F62-BC44-81FC0C9F3309}.Release|Any CPU.ActiveCfg = Release|Any CPU
		{E5FF4B77-3E45-4F62-BC44-81FC0C9F3309}.Release|Any CPU.Build.0 = Release|Any CPU
		{CAD60E39-56CC-4F71-8E1B-0443FCDAD249}.Debug|Any CPU.ActiveCfg = Debug|Any CPU
		{CAD60E39-56CC-4F71-8E1B-0443FCDAD249}.Debug|Any CPU.Build.0 = Debug|Any CPU
		{CAD60E39-56CC-4F71-8E1B-0443FCDAD249}.Release|Any CPU.ActiveCfg = Release|Any CPU
		{CAD60E39-56CC-4F71-8E1B-0443FCDAD249}.Release|Any CPU.Build.0 = Release|Any CPU
		{063F4D15-8942-4936-926A-997972A751CD}.Debug|Any CPU.ActiveCfg = Debug|Any CPU
		{063F4D15-8942-4936-926A-997972A751CD}.Debug|Any CPU.Build.0 = Debug|Any CPU
		{063F4D15-8942-4936-926A-997972A751CD}.Release|Any CPU.ActiveCfg = Release|Any CPU
		{063F4D15-8942-4936-926A-997972A751CD}.Release|Any CPU.Build.0 = Release|Any CPU
	EndGlobalSection
	GlobalSection(SolutionProperties) = preSolution
		HideSolutionNode = FALSE
	EndGlobalSection
	GlobalSection(ExtensibilityGlobals) = postSolution
		SolutionGuid = {CD1B8076-5F13-41DC-BF38-4A40E5B53901}
	EndGlobalSection
EndGlobal
